
Microsoft Visual Studio Solution File, Format Version 12.00
# Visual Studio Version 17
VisualStudioVersion = 17.0.31903.59
MinimumVisualStudioVersion = 10.0.40219.1
Project("{2150E333-8FDC-42A3-9474-1A3956D46DE8}") = "src", "src", "{827E0CD3-B72D-47B6-A68D-7590B98EB39B}"
EndProject
Project("{FAE04EC0-301F-11D3-BF4B-00C04F79EFBC}") = "AgenticAI.Core", "src\AgenticAI.Core\AgenticAI.Core.csproj", "{55E93735-F814-4751-A17F-C7D551F4ECA4}"
EndProject
Project("{FAE04EC0-301F-11D3-BF4B-00C04F79EFBC}") = "AgenticAI.UIAutomation", "src\AgenticAI.UIAutomation\AgenticAI.UIAutomation.csproj", "{1D1CCDA6-7564-483D-80A2-19D0589691DA}"
EndProject
Project("{FAE04EC0-301F-11D3-BF4B-00C04F79EFBC}") = "AgenticAI.APIAutomation", "src\AgenticAI.APIAutomation\AgenticAI.APIAutomation.csproj", "{40B1533D-2A41-4CE1-BE81-489631000C5A}"
EndProject
Project("{2150E333-8FDC-42A3-9474-1A3956D46DE8}") = "tests", "tests", "{0AB3BF05-4346-4AA6-1389-037BE0695223}"
EndProject
Project("{FAE04EC0-301F-11D3-BF4B-00C04F79EFBC}") = "AgenticAI.Tests", "tests\AgenticAI.Tests\AgenticAI.Tests.csproj", "{0D85CF77-015D-4147-8E4F-B8D69EEAE3D2}"
EndProject
Project("{2150E333-8FDC-42A3-9474-1A3956D46DE8}") = "tools", "tools", "{07C2787E-EAC7-C090-1BA3-A61EC2A24D84}"
EndProject
Project("{FAE04EC0-301F-11D3-BF4B-00C04F79EFBC}") = "TestRecorder", "tools\TestRecorder\TestRecorder.csproj", "{739C4646-C1CF-4D66-AE49-0BE0DB7A7DFD}"
EndProject
Project("{FAE04EC0-301F-11D3-BF4B-00C04F79EFBC}") = "AgenticAI.WebUI", "tools\AgenticAI.WebUI\AgenticAI.WebUI.csproj", "{CF8FF429-3C1F-4E6E-AD6F-EAD9756154BA}"
EndProject
Global
	GlobalSection(SolutionConfigurationPlatforms) = preSolution
		Debug|Any CPU = Debug|Any CPU
		Debug|x64 = Debug|x64
		Debug|x86 = Debug|x86
		Release|Any CPU = Release|Any CPU
		Release|x64 = Release|x64
		Release|x86 = Release|x86
	EndGlobalSection
	GlobalSection(ProjectConfigurationPlatforms) = postSolution
		{55E93735-F814-4751-A17F-C7D551F4ECA4}.Debug|Any CPU.ActiveCfg = Debug|Any CPU
		{55E93735-F814-4751-A17F-C7D551F4ECA4}.Debug|Any CPU.Build.0 = Debug|Any CPU
		{55E93735-F814-4751-A17F-C7D551F4ECA4}.Debug|x64.ActiveCfg = Debug|Any CPU
		{55E93735-F814-4751-A17F-C7D551F4ECA4}.Debug|x64.Build.0 = Debug|Any CPU
		{55E93735-F814-4751-A17F-C7D551F4ECA4}.Debug|x86.ActiveCfg = Debug|Any CPU
		{55E93735-F814-4751-A17F-C7D551F4ECA4}.Debug|x86.Build.0 = Debug|Any CPU
		{55E93735-F814-4751-A17F-C7D551F4ECA4}.Release|Any CPU.ActiveCfg = Release|Any CPU
		{55E93735-F814-4751-A17F-C7D551F4ECA4}.Release|Any CPU.Build.0 = Release|Any CPU
		{55E93735-F814-4751-A17F-C7D551F4ECA4}.Release|x64.ActiveCfg = Release|Any CPU
		{55E93735-F814-4751-A17F-C7D551F4ECA4}.Release|x64.Build.0 = Release|Any CPU
		{55E93735-F814-4751-A17F-C7D551F4ECA4}.Release|x86.ActiveCfg = Release|Any CPU
		{55E93735-F814-4751-A17F-C7D551F4ECA4}.Release|x86.Build.0 = Release|Any CPU
		{1D1CCDA6-7564-483D-80A2-19D0589691DA}.Debug|Any CPU.ActiveCfg = Debug|Any CPU
		{1D1CCDA6-7564-483D-80A2-19D0589691DA}.Debug|Any CPU.Build.0 = Debug|Any CPU
		{1D1CCDA6-7564-483D-80A2-19D0589691DA}.Debug|x64.ActiveCfg = Debug|Any CPU
		{1D1CCDA6-7564-483D-80A2-19D0589691DA}.Debug|x64.Build.0 = Debug|Any CPU
		{1D1CCDA6-7564-483D-80A2-19D0589691DA}.Debug|x86.ActiveCfg = Debug|Any CPU
		{1D1CCDA6-7564-483D-80A2-19D0589691DA}.Debug|x86.Build.0 = Debug|Any CPU
		{1D1CCDA6-7564-483D-80A2-19D0589691DA}.Release|Any CPU.ActiveCfg = Release|Any CPU
		{1D1CCDA6-7564-483D-80A2-19D0589691DA}.Release|Any CPU.Build.0 = Release|Any CPU
		{1D1CCDA6-7564-483D-80A2-19D0589691DA}.Release|x64.ActiveCfg = Release|Any CPU
		{1D1CCDA6-7564-483D-80A2-19D0589691DA}.Release|x64.Build.0 = Release|Any CPU
		{1D1CCDA6-7564-483D-80A2-19D0589691DA}.Release|x86.ActiveCfg = Release|Any CPU
		{1D1CCDA6-7564-483D-80A2-19D0589691DA}.Release|x86.Build.0 = Release|Any CPU
		{40B1533D-2A41-4CE1-BE81-489631000C5A}.Debug|Any CPU.ActiveCfg = Debug|Any CPU
		{40B1533D-2A41-4CE1-BE81-489631000C5A}.Debug|Any CPU.Build.0 = Debug|Any CPU
		{40B1533D-2A41-4CE1-BE81-489631000C5A}.Debug|x64.ActiveCfg = Debug|Any CPU
		{40B1533D-2A41-4CE1-BE81-489631000C5A}.Debug|x64.Build.0 = Debug|Any CPU
		{40B1533D-2A41-4CE1-BE81-489631000C5A}.Debug|x86.ActiveCfg = Debug|Any CPU
		{40B1533D-2A41-4CE1-BE81-489631000C5A}.Debug|x86.Build.0 = Debug|Any CPU
		{40B1533D-2A41-4CE1-BE81-489631000C5A}.Release|Any CPU.ActiveCfg = Release|Any CPU
		{40B1533D-2A41-4CE1-BE81-489631000C5A}.Release|Any CPU.Build.0 = Release|Any CPU
		{40B1533D-2A41-4CE1-BE81-489631000C5A}.Release|x64.ActiveCfg = Release|Any CPU
		{40B1533D-2A41-4CE1-BE81-489631000C5A}.Release|x64.Build.0 = Release|Any CPU
		{40B1533D-2A41-4CE1-BE81-489631000C5A}.Release|x86.ActiveCfg = Release|Any CPU
		{40B1533D-2A41-4CE1-BE81-489631000C5A}.Release|x86.Build.0 = Release|Any CPU
		{0D85CF77-015D-4147-8E4F-B8D69EEAE3D2}.Debug|Any CPU.ActiveCfg = Debug|Any CPU
		{0D85CF77-015D-4147-8E4F-B8D69EEAE3D2}.Debug|Any CPU.Build.0 = Debug|Any CPU
		{0D85CF77-015D-4147-8E4F-B8D69EEAE3D2}.Debug|x64.ActiveCfg = Debug|Any CPU
		{0D85CF77-015D-4147-8E4F-B8D69EEAE3D2}.Debug|x64.Build.0 = Debug|Any CPU
		{0D85CF77-015D-4147-8E4F-B8D69EEAE3D2}.Debug|x86.ActiveCfg = Debug|Any CPU
		{0D85CF77-015D-4147-8E4F-B8D69EEAE3D2}.Debug|x86.Build.0 = Debug|Any CPU
		{0D85CF77-015D-4147-8E4F-B8D69EEAE3D2}.Release|Any CPU.ActiveCfg = Release|Any CPU
		{0D85CF77-015D-4147-8E4F-B8D69EEAE3D2}.Release|Any CPU.Build.0 = Release|Any CPU
		{0D85CF77-015D-4147-8E4F-B8D69EEAE3D2}.Release|x64.ActiveCfg = Release|Any CPU
		{0D85CF77-015D-4147-8E4F-B8D69EEAE3D2}.Release|x64.Build.0 = Release|Any CPU
		{0D85CF77-015D-4147-8E4F-B8D69EEAE3D2}.Release|x86.ActiveCfg = Release|Any CPU
		{0D85CF77-015D-4147-8E4F-B8D69EEAE3D2}.Release|x86.Build.0 = Release|Any CPU
		{739C4646-C1CF-4D66-AE49-0BE0DB7A7DFD}.Debug|Any CPU.ActiveCfg = Debug|Any CPU
		{739C4646-C1CF-4D66-AE49-0BE0DB7A7DFD}.Debug|Any CPU.Build.0 = Debug|Any CPU
		{739C4646-C1CF-4D66-AE49-0BE0DB7A7DFD}.Debug|x64.ActiveCfg = Debug|Any CPU
		{739C4646-C1CF-4D66-AE49-0BE0DB7A7DFD}.Debug|x64.Build.0 = Debug|Any CPU
		{739C4646-C1CF-4D66-AE49-0BE0DB7A7DFD}.Debug|x86.ActiveCfg = Debug|Any CPU
		{739C4646-C1CF-4D66-AE49-0BE0DB7A7DFD}.Debug|x86.Build.0 = Debug|Any CPU
		{739C4646-C1CF-4D66-AE49-0BE0DB7A7DFD}.Release|Any CPU.ActiveCfg = Release|Any CPU
		{739C4646-C1CF-4D66-AE49-0BE0DB7A7DFD}.Release|Any CPU.Build.0 = Release|Any CPU
		{739C4646-C1CF-4D66-AE49-0BE0DB7A7DFD}.Release|x64.ActiveCfg = Release|Any CPU
		{739C4646-C1CF-4D66-AE49-0BE0DB7A7DFD}.Release|x64.Build.0 = Release|Any CPU
		{739C4646-C1CF-4D66-AE49-0BE0DB7A7DFD}.Release|x86.ActiveCfg = Release|Any CPU
		{739C4646-C1CF-4D66-AE49-0BE0DB7A7DFD}.Release|x86.Build.0 = Release|Any CPU
		{CF8FF429-3C1F-4E6E-AD6F-EAD9756154BA}.Debug|Any CPU.ActiveCfg = Debug|Any CPU
		{CF8FF429-3C1F-4E6E-AD6F-EAD9756154BA}.Debug|Any CPU.Build.0 = Debug|Any CPU
		{CF8FF429-3C1F-4E6E-AD6F-EAD9756154BA}.Debug|x64.ActiveCfg = Debug|Any CPU
		{CF8FF429-3C1F-4E6E-AD6F-EAD9756154BA}.Debug|x64.Build.0 = Debug|Any CPU
		{CF8FF429-3C1F-4E6E-AD6F-EAD9756154BA}.Debug|x86.ActiveCfg = Debug|Any CPU
		{CF8FF429-3C1F-4E6E-AD6F-EAD9756154BA}.Debug|x86.Build.0 = Debug|Any CPU
		{CF8FF429-3C1F-4E6E-AD6F-EAD9756154BA}.Release|Any CPU.ActiveCfg = Release|Any CPU
		{CF8FF429-3C1F-4E6E-AD6F-EAD9756154BA}.Release|Any CPU.Build.0 = Release|Any CPU
		{CF8FF429-3C1F-4E6E-AD6F-EAD9756154BA}.Release|x64.ActiveCfg = Release|Any CPU
		{CF8FF429-3C1F-4E6E-AD6F-EAD9756154BA}.Release|x64.Build.0 = Release|Any CPU
		{CF8FF429-3C1F-4E6E-AD6F-EAD9756154BA}.Release|x86.ActiveCfg = Release|Any CPU
		{CF8FF429-3C1F-4E6E-AD6F-EAD9756154BA}.Release|x86.Build.0 = Release|Any CPU
	EndGlobalSection
	GlobalSection(SolutionProperties) = preSolution
		HideSolutionNode = FALSE
	EndGlobalSection
	GlobalSection(NestedProjects) = preSolution
		{55E93735-F814-4751-A17F-C7D551F4ECA4} = {827E0CD3-B72D-47B6-A68D-7590B98EB39B}
		{1D1CCDA6-7564-483D-80A2-19D0589691DA} = {827E0CD3-B72D-47B6-A68D-7590B98EB39B}
		{40B1533D-2A41-4CE1-BE81-489631000C5A} = {827E0CD3-B72D-47B6-A68D-7590B98EB39B}
		{0D85CF77-015D-4147-8E4F-B8D69EEAE3D2} = {0AB3BF05-4346-4AA6-1389-037BE0695223}
		{739C4646-C1CF-4D66-AE49-0BE0DB7A7DFD} = {07C2787E-EAC7-C090-1BA3-A61EC2A24D84}
		{CF8FF429-3C1F-4E6E-AD6F-EAD9756154BA} = {07C2787E-EAC7-C090-1BA3-A61EC2A24D84}
	EndGlobalSection
EndGlobal
